{
  "name": "mtla-me-v2",
  "lockfileVersion": 3,
  "requires": true,
  "packages": {
    "": {
      "name": "mtla-me-v2",
      "devDependencies": {
        "marked": "18.0.6",
        "sanitize-html": "2.17.6"
      },
      "engines": {
        "node": ">=24"
      }
    },
    "node_modules/dayjs": {
      "version": "1.11.21",
      "resolved": "https://registry.npmjs.org/dayjs/-/dayjs-1.11.21.tgz",
      "integrity": "sha512-98IT+HOahAisibz/yjKbzuOBwYcjJ7BCLPzARyHiyEBmRz4fatF+KPJszEHXsGYjUG234aH/cOjW1wwTbKUZlA==",
      "dev": true,
      "license": "MIT"
    },
    "node_modules/deepmerge": {
      "version": "4.3.1",
      "resolved": "https://registry.npmjs.org/deepmerge/-/deepmerge-4.3.1.tgz",
      "integrity": "sha512-3sUqbMEc77XqpdNO7FRyRog+eW3ph+GYCbj+rK+uYyRMuwsVy0rMiVtPn+QJlKFvWP/1PYpapqYn0Me2knFn+A==",
      "dev": true,
      "license": "MIT",
      "engines": {
        "node": ">=0.10.0"
      }
    },
    "node_modules/dom-serializer": {
      "version": "3.1.1",
      "resolved": "https://registry.npmjs.org/dom-serializer/-/dom-serializer-3.1.1.tgz",
      "integrity": "sha512-4MEa38/QexBob6gFNwu+EGdWvhJ1OKuNwdYY3Y3NyeWDQfnGeDYQUDfIRzWu5B5gsv03so2Uxd28YC6zrsx3Lw==",
      "dev": true,
      "license": "MIT",
      "dependencies": {
        "domelementtype": "^3.0.0",
        "domhandler": "^6.0.0",
        "entities": "^8.0.0"
      },
      "engines": {
        "node": ">=20.19.0"
      },
      "funding": {
        "type": "github",
        "url": "https://github.com/cheeriojs/dom-serializer?sponsor=1"
      }
    },
    "node_modules/domelementtype": {
      "version": "3.0.0",
      "resolved": "https://registry.npmjs.org/domelementtype/-/domelementtype-3.0.0.tgz",
      "integrity": "sha512-umCQid3jKbDmVjx8jGaW7uUykm4DEUeyV21hPxNMo2nV955DhUThwqyOIDtreepP31hl84X7G5U9ZfsWvIB3Pg==",
      "dev": true,
      "funding": [
        {
          "type": "github",
          "url": "https://github.com/sponsors/fb55"
        }
      ],
      "license": "BSD-2-Clause",
      "engines": {
        "node": ">=20.19.0"
      }
    },
    "node_modules/domhandler": {
      "version": "6.0.1",
      "resolved": "https://registry.npmjs.org/domhandler/-/domhandler-6.0.1.tgz",
      "integrity": "sha512-gYzvtM72ZtxQO0T048kd6HWSbbGCNOUwcnfQ01cqIJ4X2IYKFFHZ5mKvrQETcFXxsRObZulDaKmy//R7TPtsBg==",
      "dev": true,
      "license": "BSD-2-Clause",
      "dependencies": {
        "domelementtype": "^3.0.0"
      },
      "engines": {
        "node": ">=20.19.0"
      },
      "funding": {
        "type": "github",
        "url": "https://github.com/fb55/domhandler?sponsor=1"
      }
    },
    "node_modules/domutils": {
      "version": "4.0.2",
      "resolved": "https://registry.npmjs.org/domutils/-/domutils-4.0.2.tgz",
      "integrity": "sha512-qI4JLRKnSzqFqr7hAlS5xQDusBCjKSEG4t4+7aNrIQMHBcsC2TGEhuyABJdYkgSewL57PNLYEiibY2iPKhKpaA==",
      "dev": true,
      "license": "BSD-2-Clause",
      "dependencies": {
        "dom-serializer": "^3.0.0",
        "domelementtype": "^3.0.0",
        "domhandler": "^6.0.0"
      },
      "engines": {
        "node": ">=20.19.0"
      },
      "funding": {
        "type": "github",
        "url": "https://github.com/fb55/domutils?sponsor=1"
      }
    },
    "node_modules/entities": {
      "version": "8.0.0",
      "resolved": "https://registry.npmjs.org/entities/-/entities-8.0.0.tgz",
      "integrity": "sha512-zwfzJecQ/Uej6tusMqwAqU/6KL2XaB2VZ2Jg54Je6ahNBGNH6Ek6g3jjNCF0fG9EWQKGZNddNjU5F1ZQn/sBnA==",
      "dev": true,
      "license": "BSD-2-Clause",
      "engines": {
        "node": ">=20.19.0"
      },
      "funding": {
        "url": "https://github.com/fb55/entities?sponsor=1"
      }
    },
    "node_modules/escape-string-regexp": {
      "version": "4.0.0",
      "resolved": "https://registry.npmjs.org/escape-string-regexp/-/escape-string-regexp-4.0.0.tgz",
      "integrity": "sha512-TtpcNJ3XAzx3Gq8sWRzJaVajRs0uVxA2YAkdb1jm2YkPz4G6egUFAyA3n5vtEIZefPk5Wa4UXbKuS5fKkJWdgA==",
      "dev": true,
      "license": "MIT",
      "engines": {
        "node": ">=10"
      },
      "funding": {
        "url": "https://github.com/sponsors/sindresorhus"
      }
    },
    "node_modules/htmlparser2": {
      "version": "12.0.0",
      "resolved": "https://registry.npmjs.org/htmlparser2/-/htmlparser2-12.0.0.tgz",
      "integrity": "sha512-Tz7u1i95/g2x2jz81+x0FBVhBhY5aRTvD3tXXdFaljuNdzDLJ8UGNRrTcj2cgQvAg3iW/h77Fz15nLW0L0CrZw==",
      "dev": true,
      "funding": [
        "https://github.com/fb55/htmlparser2?sponsor=1",
        {
          "type": "github",
          "url": "https://github.com/sponsors/fb55"
        }
      ],
      "license": "MIT",
      "dependencies": {
        "domelementtype": "^3.0.0",
        "domhandler": "^6.0.0",
        "domutils": "^4.0.2",
        "entities": "^8.0.0"
      },
      "engines": {
        "node": ">=20.19.0"
      }
    },
    "node_modules/is-plain-object": {
      "version": "5.0.0",
      "resolved": "https://registry.npmjs.org/is-plain-object/-/is-plain-object-5.0.0.tgz",
      "integrity": "sha512-VRSzKkbMm5jMDoKLbltAkFQ5Qr7VDiTFGXxYFXXowVj387GeGNOCsOH6Msy00SGZ3Fp84b1Naa1psqgcCIEP5Q==",
      "dev": true,
      "license": "MIT",
      "engines": {
        "node": ">=0.10.0"
      }
    },
    "node_modules/launder": {
      "version": "1.7.1",
      "resolved": "https://registry.npmjs.org/launder/-/launder-1.7.1.tgz",
      "integrity": "sha512-mU6WRz5EusL9ZZuiZ5SO4Y6C0P9PAUR9iwdb6bzj4KDihm28DiHFw+/yk9DBH4f+Pv1wuzQ4e2jV3oQ7mkIqvw==",
      "dev": true,
      "license": "MIT",
      "dependencies": {
        "dayjs": "^1.11.7"
      }
    },
    "node_modules/marked": {
      "version": "18.0.6",
      "resolved": "https://registry.npmjs.org/marked/-/marked-18.0.6.tgz",
      "integrity": "sha512-MrV5puXBfuiy6wl6DLaq3BtIJQAJToAd5zt/ZKhRfGRAuFPALE7/4Y7jnxRQoEgK/pBgurGqLyAuRgZ2xOjr6w==",
      "dev": true,
      "license": "MIT",
      "bin": {
        "marked": "bin/marked.js"
      },
      "engines": {
        "node": ">= 20"
      }
    },
    "node_modules/nanoid": {
      "version": "3.3.11",
      "resolved": "https://registry.npmjs.org/nanoid/-/nanoid-3.3.11.tgz",
      "integrity": "sha512-N8SpfPUnUp1bK+PMYW8qSWdl9U+wwNWI4QKxOYDy9JAro3WMX7p2OeVRF9v+347pnakNevPmiHhNmZ2HbFA76w==",
      "dev": true,
      "funding": [
        {
          "type": "github",
          "url": "https://github.com/sponsors/ai"
        }
      ],
      "license": "MIT",
      "bin": {
        "nanoid": "bin/nanoid.cjs"
      },
      "engines": {
        "node": "^10 || ^12 || ^13.7 || ^14 || >=15.0.1"
      }
    },
    "node_modules/parse-srcset": {
      "version": "1.0.2",
      "resolved": "https://registry.npmjs.org/parse-srcset/-/parse-srcset-1.0.2.tgz",
      "integrity": "sha512-/2qh0lav6CmI15FzA3i/2Bzk2zCgQhGMkvhOhKNcBVQ1ldgpbfiNTVslmooUmWJcADi1f1kIeynbDRVzNlfR6Q==",
      "dev": true,
      "license": "MIT"
    },
    "node_modules/picocolors": {
      "version": "1.1.1",
      "resolved": "https://registry.npmjs.org/picocolors/-/picocolors-1.1.1.tgz",
      "integrity": "sha512-xceH2snhtb5M9liqDsmEw56le376mTZkEX/jEb/RxNFyegNul7eNslCXP9FDj/Lcu0X8KEyMceP2ntpaHrDEVA==",
      "dev": true,
      "license": "ISC"
    },
    "node_modules/postcss": {
      "version": "8.5.10",
      "resolved": "https://registry.npmjs.org/postcss/-/postcss-8.5.10.tgz",
      "integrity": "sha512-pMMHxBOZKFU6HgAZ4eyGnwXF/EvPGGqUr0MnZ5+99485wwW41kW91A4LOGxSHhgugZmSChL5AlElNdwlNgcnLQ==",
      "dev": true,
      "funding": [
        {
          "type": "opencollective",
          "url": "https://opencollective.com/postcss/"
        },
        {
          "type": "tidelift",
          "url": "https://tidelift.com/funding/github/npm/postcss"
        },
        {
          "type": "github",
          "url": "https://github.com/sponsors/ai"
        }
      ],
      "license": "MIT",
      "dependencies": {
        "nanoid": "^3.3.11",
        "picocolors": "^1.1.1",
        "source-map-js": "^1.2.1"
      },
      "engines": {
        "node": "^10 || ^12 || >=14"
      }
    },
    "node_modules/sanitize-html": {
      "version": "2.17.6",
      "resolved": "https://registry.npmjs.org/sanitize-html/-/sanitize-html-2.17.6.tgz",
      "integrity": "sha512-M4bo9tfv1yfhQZZKkc6dL07ALrGJtfvNOuhX3hU9AVPR/uPQ+nKOJBqTYc7LfMQblTW04mtSWDJWEyLvygJsLA==",
      "dev": true,
      "license": "MIT",
      "dependencies": {
        "deepmerge": "^4.2.2",
        "escape-string-regexp": "^4.0.0",
        "htmlparser2": "^12.0.0",
        "is-plain-object": "^5.0.0",
        "launder": "^1.7.1",
        "parse-srcset": "^1.0.2",
        "postcss": "^8.3.11"
      },
      "engines": {
        "node": ">=22.12.0"
      }
    },
    "node_modules/source-map-js": {
      "version": "1.2.1",
      "resolved": "https://registry.npmjs.org/source-map-js/-/source-map-js-1.2.1.tgz",
      "integrity": "sha512-UXWMKhLOwVKb728IUtQPXxfYU+usdybtUrK/8uGE8CQMvrhOpwvzDBwj0QhSL7MQc7vIsISBG8VQ8+IDQxpfQA==",
      "dev": true,
      "license": "BSD-3-Clause",
      "engines": {
        "node": ">=0.10.0"
      }
    }
  }
}
